{
  "name": "@rbxts/rsm",
  "version": "1.0.0",
  "lockfileVersion": 3,
  "requires": true,
  "packages": {
    "": {
      "name": "@rbxts/rsm",
      "version": "1.0.0",
      "license": "ISC",
      "dependencies": {
        "@rbxts/signal": "^1.1.1",
        "@rbxts/testez": "^0.4.2-ts.0"
      },
      "devDependencies": {
        "@rbxts/compiler-types": "^2.1.0-types.1",
        "@rbxts/types": "^1.0.774",
        "typescript": "^5.4.5"
      }
    },
    "node_modules/@rbxts/compiler-types": {
      "version": "2.1.0-types.1",
      "resolved": "https://registry.npmjs.org/@rbxts/compiler-types/-/compiler-types-2.1.0-types.1.tgz",
      "integrity": "sha512-+ztwutzuNivWsgsERiC7n5il4C5gfJUuGJUmXYRq8FwY4ye3aupRi9RocmyAHq6255sO7z+RM61AVbqx3llsLQ==",
      "dev": true
    },
    "node_modules/@rbxts/signal": {
      "version": "1.1.1",
      "resolved": "https://registry.npmjs.org/@rbxts/signal/-/signal-1.1.1.tgz",
      "integrity": "sha512-WX+ONE+ld4pG9PvRkR8OgDld9NpaV1RfXyUIw+Q2oXP/5rehkYzvt20NWtrLAP3NhMc5inYInLd+hnufey6nFw=="
    },
    "node_modules/@rbxts/testez": {
      "version": "0.4.2-ts.0",
      "resolved": "https://registry.npmjs.org/@rbxts/testez/-/testez-0.4.2-ts.0.tgz",
      "integrity": "sha512-8Q+OG9ddTD2P3aARCuRKpPqUBvuifgSnHvQMZ6jBMqUzxhIysnb0l4c3vnnaQnvdyZ1OW9tKxcdEHMGTb67uOw=="
    },
    "node_modules/@rbxts/types": {
      "version": "1.0.774",
      "resolved": "https://registry.npmjs.org/@rbxts/types/-/types-1.0.774.tgz",
      "integrity": "sha512-rdTdy5kI4HE1TCvOT5Z/tLO0QWQt7P1iSc9SVjjWdcgC2d2uyXxUgDdtJgN4tJHFtXr3WJD5iMGDXebovOIDQw==",
      "dev": true
    },
    "node_modules/typescript": {
      "version": "5.4.5",
      "resolved": "https://registry.npmjs.org/typescript/-/typescript-5.4.5.tgz",
      "integrity": "sha512-vcI4UpRgg81oIRUFwR0WSIHKt11nJ7SAVlYNIu+QpqeyXP+gpQJy/Z4+F0aGxSE4MqwjyXvW/TzgkLAx2AGHwQ==",
      "dev": true,
      "bin": {
        "tsc": "bin/tsc",
        "tsserver": "bin/tsserver"
      },
      "engines": {
        "node": ">=14.17"
      }
    }
  }
}
